
Microsoft Visual Studio Solution File, Format Version 12.00
# Visual Studio Version 17
VisualStudioVersion = 17.5.002.0
MinimumVisualStudioVersion = 10.0.40219.1
Project("{9A19103F-16F7-4668-BE54-9A1E7A4F7556}") = "Ecommerce-Product", "Ecommerce-Product.csproj", "{CD3C4CB4-5C9E-448E-83E1-130A4C208AEB}"
EndProject
Global
	GlobalSection(SolutionConfigurationPlatforms) = preSolution
		Debug|Any CPU = Debug|Any CPU
		Release|Any CPU = Release|Any CPU
	EndGlobalSection
	GlobalSection(ProjectConfigurationPlatforms) = postSolution
		{CD3C4CB4-5C9E-448E-83E1-130A4C208AEB}.Debug|Any CPU.ActiveCfg = Debug|Any CPU
		{CD3C4CB4-5C9E-448E-83E1-130A4C208AEB}.Debug|Any CPU.Build.0 = Debug|Any CPU
		{CD3C4CB4-5C9E-448E-83E1-130A4C208AEB}.Release|Any CPU.ActiveCfg = Release|Any CPU
		{CD3C4CB4-5C9E-448E-83E1-130A4C208AEB}.Release|Any CPU.Build.0 = Release|Any CPU
	EndGlobalSection
	GlobalSection(SolutionProperties) = preSolution
		HideSolutionNode = FALSE
	EndGlobalSection
	GlobalSection(ExtensibilityGlobals) = postSolution
		SolutionGuid = {AD3274AB-BFAA-459A-B877-E18B3D2D11A4}
	EndGlobalSection
EndGlobal
